
Microsoft Visual Studio Solution File, Format Version 12.00
# Visual Studio Version 17
VisualStudioVersion = 17.3.32811.315
MinimumVisualStudioVersion = 10.0.40219.1
Project("{FAE04EC0-301F-11D3-BF4B-00C04F79EFBC}") = "ConsoleApp5", "ConsoleApp5\ConsoleApp5.csproj", "{FDB83247-8212-4D68-862C-6FE114440CB3}"
EndProject
Global
	GlobalSection(SolutionConfigurationPlatforms) = preSolution
		Debug|Any CPU = Debug|Any CPU
		Release|Any CPU = Release|Any CPU
	EndGlobalSection
	GlobalSection(ProjectConfigurationPlatforms) = postSolution
		{FDB83247-8212-4D68-862C-6FE114440CB3}.Debug|Any CPU.ActiveCfg = Debug|Any CPU
		{FDB83247-8212-4D68-862C-6FE114440CB3}.Debug|Any CPU.Build.0 = Debug|Any CPU
		{FDB83247-8212-4D68-862C-6FE114440CB3}.Release|Any CPU.ActiveCfg = Release|Any CPU
		{FDB83247-8212-4D68-862C-6FE114440CB3}.Release|Any CPU.Build.0 = Release|Any CPU
	EndGlobalSection
	GlobalSection(SolutionProperties) = preSolution
		HideSolutionNode = FALSE
	EndGlobalSection
	GlobalSection(ExtensibilityGlobals) = postSolution
		SolutionGuid = {AF91B91D-ACEA-42CF-8989-3873E76D7A3C}
	EndGlobalSection
EndGlobal
